
Microsoft Visual Studio Solution File, Format Version 12.00
# Visual Studio Version 17
VisualStudioVersion = 17.11.35208.52
MinimumVisualStudioVersion = 10.0.40219.1
Project("{9A19103F-16F7-4668-BE54-9A1E7A4F7556}") = "WASM.App", "WASM.App.csproj", "{83AF0A56-B5DD-433F-B73C-7D4D25BD7051}"
EndProject
Project("{9A19103F-16F7-4668-BE54-9A1E7A4F7556}") = "SharedLibrar", "..\SharedLibrar\SharedLibrar.csproj", "{4832A5C1-6837-4523-9FE2-7B0D99305EE9}"
EndProject
Project("{FAE04EC0-301F-11D3-BF4B-00C04F79EFBC}") = "MyAPI", "..\MyAPI\MyAPI.csproj", "{90403C22-41FD-4462-851B-4473D3FE4338}"
EndProject
Global
	GlobalSection(SolutionConfigurationPlatforms) = preSolution
		Debug|Any CPU = Debug|Any CPU
		Release|Any CPU = Release|Any CPU
	EndGlobalSection
	GlobalSection(ProjectConfigurationPlatforms) = postSolution
		{83AF0A56-B5DD-433F-B73C-7D4D25BD7051}.Debug|Any CPU.ActiveCfg = Debug|Any CPU
		{83AF0A56-B5DD-433F-B73C-7D4D25BD7051}.Debug|Any CPU.Build.0 = Debug|Any CPU
		{83AF0A56-B5DD-433F-B73C-7D4D25BD7051}.Release|Any CPU.ActiveCfg = Release|Any CPU
		{83AF0A56-B5DD-433F-B73C-7D4D25BD7051}.Release|Any CPU.Build.0 = Release|Any CPU
		{4832A5C1-6837-4523-9FE2-7B0D99305EE9}.Debug|Any CPU.ActiveCfg = Debug|Any CPU
		{4832A5C1-6837-4523-9FE2-7B0D99305EE9}.Debug|Any CPU.Build.0 = Debug|Any CPU
		{4832A5C1-6837-4523-9FE2-7B0D99305EE9}.Release|Any CPU.ActiveCfg = Release|Any CPU
		{4832A5C1-6837-4523-9FE2-7B0D99305EE9}.Release|Any CPU.Build.0 = Release|Any CPU
		{90403C22-41FD-4462-851B-4473D3FE4338}.Debug|Any CPU.ActiveCfg = Debug|Any CPU
		{90403C22-41FD-4462-851B-4473D3FE4338}.Debug|Any CPU.Build.0 = Debug|Any CPU
		{90403C22-41FD-4462-851B-4473D3FE4338}.Release|Any CPU.ActiveCfg = Release|Any CPU
		{90403C22-41FD-4462-851B-4473D3FE4338}.Release|Any CPU.Build.0 = Release|Any CPU
	EndGlobalSection
	GlobalSection(SolutionProperties) = preSolution
		HideSolutionNode = FALSE
	EndGlobalSection
	GlobalSection(ExtensibilityGlobals) = postSolution
		SolutionGuid = {1CF125C2-3093-456B-A0D5-3388BD1D0E67}
	EndGlobalSection
EndGlobal
